{
  "requires": true,
  "lockfileVersion": 1,
  "dependencies": {
    "retypeapp-win-x64": {
      "version": "2.2.0",
      "resolved": "https://registry.npmjs.org/retypeapp-win-x64/-/retypeapp-win-x64-2.2.0.tgz",
      "integrity": "sha512-gdw0OZODpe2DX4rU89UBrdPXkP4xIr8y3T6ZQsDhUg3Hq6uk7FOZAsWbGOPi6uO1lfYhHGrOMZEI8pz4oFuMkg=="
    }
  }
}
